github.com/orangdong/go-hello v1.0.0 h1:CNmcjUKQHuaFdgSnxG8BPCsUHwQv8BsrKzNM8suq4b0=
github.com/orangdong/go-hello v1.0.0/go.mod h1:dRwZXkNco9UorLWLR53y0aWo6o0s64E1X39AZScdaj4=
github.com/orangdong/go-hello v1.0.1 h1:X2fxpJkRCRMUMNaF/KME101MJUbnyMAu5Vc5ioFfW2E=
github.com/orangdong/go-hello v1.0.1/go.mod h1:dRwZXkNco9UorLWLR53y0aWo6o0s64E1X39AZScdaj4=
